// !$*UTF8*$!
{
	archiveVersion = 1;
	classes = {
	};
	objectVersion = 48;
	objects = {

/* Begin PBXBuildFile section */
		6B8652AC7634D6474AA09999 /* libPods-Kindergarten.a in Frameworks */ = {isa = PBXBuildFile; fileRef = A153AD5C68F05D5D4DF0B3E0 /* libPods-Kindergarten.a */; };
		E60461302005A20B00135F7C /* LoginViewController.m in Sources */ = {isa = PBXBuildFile; fileRef = E604612F2005A20B00135F7C /* LoginViewController.m */; };
		E60461342005AE9200135F7C /* HTTPInterface.m in Sources */ = {isa = PBXBuildFile; fileRef = E60461332005AE9200135F7C /* HTTPInterface.m */; };
		E60461392005B6DC00135F7C /* Encryption.m in Sources */ = {isa = PBXBuildFile; fileRef = E60461382005B6DC00135F7C /* Encryption.m */; };
		E60461412005EEE800135F7C /* level.xml in Resources */ = {isa = PBXBuildFile; fileRef = E60461402005EEE800135F7C /* level.xml */; };
		E60461492005F86C00135F7C /* LevelViewController.m in Sources */ = {isa = PBXBuildFile; fileRef = E60461482005F86C00135F7C /* LevelViewController.m */; };
		E618DBBF2008D3EF007CD354 /* View in Resources */ = {isa = PBXBuildFile; fileRef = E618DBBE2008D3EF007CD354 /* View */; };
		E618DBC12008D4BF007CD354 /* app in Resources */ = {isa = PBXBuildFile; fileRef = E618DBC02008D4BF007CD354 /* app */; };
		E618DBC42008E304007CD354 /* LoginWebViewModel.m in Sources */ = {isa = PBXBuildFile; fileRef = E618DBC32008E304007CD354 /* LoginWebViewModel.m */; };
		E61AAB612008514700424DCE /* LevelNode.m in Sources */ = {isa = PBXBuildFile; fileRef = E61AAB602008514700424DCE /* LevelNode.m */; };
		E61AAB642008522B00424DCE /* LevelTableCreator.m in Sources */ = {isa = PBXBuildFile; fileRef = E61AAB632008522B00424DCE /* LevelTableCreator.m */; };
		E61AAB682008958400424DCE /* KGMainNavigationViewController.m in Sources */ = {isa = PBXBuildFile; fileRef = E61AAB672008958400424DCE /* KGMainNavigationViewController.m */; };
		E61AAB6B2008AB3300424DCE /* RootViewController.m in Sources */ = {isa = PBXBuildFile; fileRef = E61AAB6A2008AB3300424DCE /* RootViewController.m */; };
		E61AAB6F2008BB8000424DCE /* UploadViewController.m in Sources */ = {isa = PBXBuildFile; fileRef = E61AAB6E2008BB8000424DCE /* UploadViewController.m */; };
		E638B9EE20075BA800685670 /* WebViewModel.m in Sources */ = {isa = PBXBuildFile; fileRef = E638B9ED20075BA800685670 /* WebViewModel.m */; };
		E638B9F020075BF800685670 /* JavaScriptCore.framework in Frameworks */ = {isa = PBXBuildFile; fileRef = E638B9EF20075BF800685670 /* JavaScriptCore.framework */; };
		E638B9F22007644D00685670 /* CallEach.html in Resources */ = {isa = PBXBuildFile; fileRef = E638B9F12007644D00685670 /* CallEach.html */; };
		E638B9F420076D6F00685670 /* CallCameraJS.js in Resources */ = {isa = PBXBuildFile; fileRef = E638B9F320076D6F00685670 /* CallCameraJS.js */; };
		E653F18A200629D200AAC54A /* DownloadManagerViewController.m in Sources */ = {isa = PBXBuildFile; fileRef = E653F189200629D200AAC54A /* DownloadManagerViewController.m */; };
		E67AB1DC20044FF500AD83C9 /* AppDelegate.m in Sources */ = {isa = PBXBuildFile; fileRef = E67AB1DB20044FF500AD83C9 /* AppDelegate.m */; };
		E67AB1E420044FF500AD83C9 /* Assets.xcassets in Resources */ = {isa = PBXBuildFile; fileRef = E67AB1E320044FF500AD83C9 /* Assets.xcassets */; };
		E67AB1E720044FF500AD83C9 /* LaunchScreen.storyboard in Resources */ = {isa = PBXBuildFile; fileRef = E67AB1E520044FF500AD83C9 /* LaunchScreen.storyboard */; };
		E67AB1EA20044FF500AD83C9 /* main.m in Sources */ = {isa = PBXBuildFile; fileRef = E67AB1E920044FF500AD83C9 /* main.m */; };
		E6EF8E332004861100A96B04 /* ZipUtil.m in Sources */ = {isa = PBXBuildFile; fileRef = E6EF8E322004861100A96B04 /* ZipUtil.m */; };
		E6EF8E392004ABAC00A96B04 /* HttpRequestModel.m in Sources */ = {isa = PBXBuildFile; fileRef = E6EF8E382004ABAC00A96B04 /* HttpRequestModel.m */; };
		E6EF8E422004B92E00A96B04 /* MBProgressHUD.bundle in Resources */ = {isa = PBXBuildFile; fileRef = E6EF8E3F2004B92E00A96B04 /* MBProgressHUD.bundle */; };
		E6EF8E432004B92E00A96B04 /* MBProgressHUD+MJ.m in Sources */ = {isa = PBXBuildFile; fileRef = E6EF8E412004B92E00A96B04 /* MBProgressHUD+MJ.m */; };
/* End PBXBuildFile section */

/* Begin PBXFileReference section */
		72B437DF44B03AFF65C17060 /* Pods-Kindergarten.debug.xcconfig */ = {isa = PBXFileReference; includeInIndex = 1; lastKnownFileType = text.xcconfig; name = "Pods-Kindergarten.debug.xcconfig"; path = "Pods/Target Support Files/Pods-Kindergarten/Pods-Kindergarten.debug.xcconfig"; sourceTree = "<group>"; };
		A153AD5C68F05D5D4DF0B3E0 /* libPods-Kindergarten.a */ = {isa = PBXFileReference; explicitFileType = archive.ar; includeInIndex = 0; path = "libPods-Kindergarten.a"; sourceTree = BUILT_PRODUCTS_DIR; };
		BDFB3632EC523E0959FFBCB1 /* Pods-Kindergarten.release.xcconfig */ = {isa = PBXFileReference; includeInIndex = 1; lastKnownFileType = text.xcconfig; name = "Pods-Kindergarten.release.xcconfig"; path = "Pods/Target Support Files/Pods-Kindergarten/Pods-Kindergarten.release.xcconfig"; sourceTree = "<group>"; };
		E604612E2005A20B00135F7C /* LoginViewController.h */ = {isa = PBXFileReference; lastKnownFileType = sourcecode.c.h; path = LoginViewController.h; sourceTree = "<group>"; };
		E604612F2005A20B00135F7C /* LoginViewController.m */ = {isa = PBXFileReference; lastKnownFileType = sourcecode.c.objc; path = LoginViewController.m; sourceTree = "<group>"; };
		E60461322005AE9200135F7C /* HTTPInterface.h */ = {isa = PBXFileReference; lastKnownFileType = sourcecode.c.h; path = HTTPInterface.h; sourceTree = "<group>"; };
		E60461332005AE9200135F7C /* HTTPInterface.m */ = {isa = PBXFileReference; lastKnownFileType = sourcecode.c.objc; path = HTTPInterface.m; sourceTree = "<group>"; };
		E60461372005B6DC00135F7C /* Encryption.h */ = {isa = PBXFileReference; lastKnownFileType = sourcecode.c.h; path = Encryption.h; sourceTree = "<group>"; };
		E60461382005B6DC00135F7C /* Encryption.m */ = {isa = PBXFileReference; lastKnownFileType = sourcecode.c.objc; path = Encryption.m; sourceTree = "<group>"; };
		E60461402005EEE800135F7C /* level.xml */ = {isa = PBXFileReference; fileEncoding = 4; lastKnownFileType = text.xml; path = level.xml; sourceTree = "<group>"; };
		E60461472005F86C00135F7C /* LevelViewController.h */ = {isa = PBXFileReference; lastKnownFileType = sourcecode.c.h; path = LevelViewController.h; sourceTree = "<group>"; };
		E60461482005F86C00135F7C /* LevelViewController.m */ = {isa = PBXFileReference; lastKnownFileType = sourcecode.c.objc; path = LevelViewController.m; sourceTree = "<group>"; };
		E618DBBE2008D3EF007CD354 /* View */ = {isa = PBXFileReference; lastKnownFileType = folder; path = View; sourceTree = "<group>"; };
		E618DBC02008D4BF007CD354 /* app */ = {isa = PBXFileReference; lastKnownFileType = folder; path = app; sourceTree = "<group>"; };
		E618DBC22008E304007CD354 /* LoginWebViewModel.h */ = {isa = PBXFileReference; lastKnownFileType = sourcecode.c.h; path = LoginWebViewModel.h; sourceTree = "<group>"; };
		E618DBC32008E304007CD354 /* LoginWebViewModel.m */ = {isa = PBXFileReference; lastKnownFileType = sourcecode.c.objc; path = LoginWebViewModel.m; sourceTree = "<group>"; };
		E61AAB5F2008514700424DCE /* LevelNode.h */ = {isa = PBXFileReference; lastKnownFileType = sourcecode.c.h; path = LevelNode.h; sourceTree = "<group>"; };
		E61AAB602008514700424DCE /* LevelNode.m */ = {isa = PBXFileReference; lastKnownFileType = sourcecode.c.objc; path = LevelNode.m; sourceTree = "<group>"; };
		E61AAB622008522B00424DCE /* LevelTableCreator.h */ = {isa = PBXFileReference; lastKnownFileType = sourcecode.c.h; path = LevelTableCreator.h; sourceTree = "<group>"; };
		E61AAB632008522B00424DCE /* LevelTableCreator.m */ = {isa = PBXFileReference; lastKnownFileType = sourcecode.c.objc; path = LevelTableCreator.m; sourceTree = "<group>"; };
		E61AAB662008958400424DCE /* KGMainNavigationViewController.h */ = {isa = PBXFileReference; lastKnownFileType = sourcecode.c.h; path = KGMainNavigationViewController.h; sourceTree = "<group>"; };
		E61AAB672008958400424DCE /* KGMainNavigationViewController.m */ = {isa = PBXFileReference; lastKnownFileType = sourcecode.c.objc; path = KGMainNavigationViewController.m; sourceTree = "<group>"; };
		E61AAB692008AB3300424DCE /* RootViewController.h */ = {isa = PBXFileReference; lastKnownFileType = sourcecode.c.h; path = RootViewController.h; sourceTree = "<group>"; };
		E61AAB6A2008AB3300424DCE /* RootViewController.m */ = {isa = PBXFileReference; lastKnownFileType = sourcecode.c.objc; path = RootViewController.m; sourceTree = "<group>"; };
		E61AAB6D2008BB8000424DCE /* UploadViewController.h */ = {isa = PBXFileReference; lastKnownFileType = sourcecode.c.h; path = UploadViewController.h; sourceTree = "<group>"; };
		E61AAB6E2008BB8000424DCE /* UploadViewController.m */ = {isa = PBXFileReference; lastKnownFileType = sourcecode.c.objc; path = UploadViewController.m; sourceTree = "<group>"; };
		E638B9EC20075BA800685670 /* WebViewModel.h */ = {isa = PBXFileReference; lastKnownFileType = sourcecode.c.h; path = WebViewModel.h; sourceTree = "<group>"; };
		E638B9ED20075BA800685670 /* WebViewModel.m */ = {isa = PBXFileReference; lastKnownFileType = sourcecode.c.objc; path = WebViewModel.m; sourceTree = "<group>"; };
		E638B9EF20075BF800685670 /* JavaScriptCore.framework */ = {isa = PBXFileReference; lastKnownFileType = wrapper.framework; name = JavaScriptCore.framework; path = System/Library/Frameworks/JavaScriptCore.framework; sourceTree = SDKROOT; };
		E638B9F12007644D00685670 /* CallEach.html */ = {isa = PBXFileReference; lastKnownFileType = text.html; path = CallEach.html; sourceTree = "<group>"; };
		E638B9F320076D6F00685670 /* CallCameraJS.js */ = {isa = PBXFileReference; lastKnownFileType = sourcecode.javascript; path = CallCameraJS.js; sourceTree = "<group>"; };
		E653F188200629D200AAC54A /* DownloadManagerViewController.h */ = {isa = PBXFileReference; lastKnownFileType = sourcecode.c.h; path = DownloadManagerViewController.h; sourceTree = "<group>"; };
		E653F189200629D200AAC54A /* DownloadManagerViewController.m */ = {isa = PBXFileReference; lastKnownFileType = sourcecode.c.objc; path = DownloadManagerViewController.m; sourceTree = "<group>"; };
		E67AB1D720044FF500AD83C9 /* Kindergarten.app */ = {isa = PBXFileReference; explicitFileType = wrapper.application; includeInIndex = 0; path = Kindergarten.app; sourceTree = BUILT_PRODUCTS_DIR; };
		E67AB1DA20044FF500AD83C9 /* AppDelegate.h */ = {isa = PBXFileReference; lastKnownFileType = sourcecode.c.h; path = AppDelegate.h; sourceTree = "<group>"; };
		E67AB1DB20044FF500AD83C9 /* AppDelegate.m */ = {isa = PBXFileReference; lastKnownFileType = sourcecode.c.objc; path = AppDelegate.m; sourceTree = "<group>"; };
		E67AB1E320044FF500AD83C9 /* Assets.xcassets */ = {isa = PBXFileReference; lastKnownFileType = folder.assetcatalog; path = Assets.xcassets; sourceTree = "<group>"; };
		E67AB1E620044FF500AD83C9 /* Base */ = {isa = PBXFileReference; lastKnownFileType = file.storyboard; name = Base; path = Base.lproj/LaunchScreen.storyboard; sourceTree = "<group>"; };
		E67AB1E820044FF500AD83C9 /* Info.plist */ = {isa = PBXFileReference; lastKnownFileType = text.plist.xml; path = Info.plist; sourceTree = "<group>"; };
		E67AB1E920044FF500AD83C9 /* main.m */ = {isa = PBXFileReference; lastKnownFileType = sourcecode.c.objc; path = main.m; sourceTree = "<group>"; };
		E6EF8E312004861100A96B04 /* ZipUtil.h */ = {isa = PBXFileReference; lastKnownFileType = sourcecode.c.h; path = ZipUtil.h; sourceTree = "<group>"; };
		E6EF8E322004861100A96B04 /* ZipUtil.m */ = {isa = PBXFileReference; lastKnownFileType = sourcecode.c.objc; path = ZipUtil.m; sourceTree = "<group>"; };
		E6EF8E372004ABAC00A96B04 /* HttpRequestModel.h */ = {isa = PBXFileReference; lastKnownFileType = sourcecode.c.h; path = HttpRequestModel.h; sourceTree = "<group>"; };
		E6EF8E382004ABAC00A96B04 /* HttpRequestModel.m */ = {isa = PBXFileReference; lastKnownFileType = sourcecode.c.objc; path = HttpRequestModel.m; sourceTree = "<group>"; };
		E6EF8E3A2004B4D700A96B04 /* PrefixHeader.pch */ = {isa = PBXFileReference; lastKnownFileType = sourcecode.c.h; path = PrefixHeader.pch; sourceTree = "<group>"; };
		E6EF8E3F2004B92E00A96B04 /* MBProgressHUD.bundle */ = {isa = PBXFileReference; lastKnownFileType = "wrapper.plug-in"; path = MBProgressHUD.bundle; sourceTree = "<group>"; };
		E6EF8E402004B92E00A96B04 /* MBProgressHUD+MJ.h */ = {isa = PBXFileReference; fileEncoding = 4; lastKnownFileType = sourcecode.c.h; path = "MBProgressHUD+MJ.h"; sourceTree = "<group>"; };
		E6EF8E412004B92E00A96B04 /* MBProgressHUD+MJ.m */ = {isa = PBXFileReference; fileEncoding = 4; lastKnownFileType = sourcecode.c.objc; path = "MBProgressHUD+MJ.m"; sourceTree = "<group>"; };
/* End PBXFileReference section */

/* Begin PBXFrameworksBuildPhase section */
		E67AB1D420044FF500AD83C9 /* Frameworks */ = {
			isa = PBXFrameworksBuildPhase;
			buildActionMask = 2147483647;
			files = (
				E638B9F020075BF800685670 /* JavaScriptCore.framework in Frameworks */,
				6B8652AC7634D6474AA09999 /* libPods-Kindergarten.a in Frameworks */,
			);
			runOnlyForDeploymentPostprocessing = 0;
		};
/* End PBXFrameworksBuildPhase section */

/* Begin PBXGroup section */
		152381A33AA407891AE0C2D2 /* Frameworks */ = {
			isa = PBXGroup;
			children = (
				E638B9EF20075BF800685670 /* JavaScriptCore.framework */,
				A153AD5C68F05D5D4DF0B3E0 /* libPods-Kindergarten.a */,
			);
			name = Frameworks;
			sourceTree = "<group>";
		};
		9A9F82556832081288856DD6 /* Pods */ = {
			isa = PBXGroup;
			children = (
				72B437DF44B03AFF65C17060 /* Pods-Kindergarten.debug.xcconfig */,
				BDFB3632EC523E0959FFBCB1 /* Pods-Kindergarten.release.xcconfig */,
			);
			name = Pods;
			sourceTree = "<group>";
		};
		E604612D2005A1D600135F7C /* LoginController */ = {
			isa = PBXGroup;
			children = (
				E604612E2005A20B00135F7C /* LoginViewController.h */,
				E604612F2005A20B00135F7C /* LoginViewController.m */,
				E618DBC22008E304007CD354 /* LoginWebViewModel.h */,
				E618DBC32008E304007CD354 /* LoginWebViewModel.m */,
			);
			path = LoginController;
			sourceTree = "<group>";
		};
		E60461312005AE4F00135F7C /* Network */ = {
			isa = PBXGroup;
			children = (
				E6EF8E372004ABAC00A96B04 /* HttpRequestModel.h */,
				E6EF8E382004ABAC00A96B04 /* HttpRequestModel.m */,
				E60461322005AE9200135F7C /* HTTPInterface.h */,
				E60461332005AE9200135F7C /* HTTPInterface.m */,
			);
			path = Network;
			sourceTree = "<group>";
		};
		E60461352005B2A900135F7C /* ZipUtil */ = {
			isa = PBXGroup;
			children = (
				E6EF8E312004861100A96B04 /* ZipUtil.h */,
				E6EF8E322004861100A96B04 /* ZipUtil.m */,
			);
			path = ZipUtil;
			sourceTree = "<group>";
		};
		E60461362005B69B00135F7C /* MD5 */ = {
			isa = PBXGroup;
			children = (
				E60461372005B6DC00135F7C /* Encryption.h */,
				E60461382005B6DC00135F7C /* Encryption.m */,
			);
			path = MD5;
			sourceTree = "<group>";
		};
		E604613F2005EEDB00135F7C /* testdata */ = {
			isa = PBXGroup;
			children = (
				E60461402005EEE800135F7C /* level.xml */,
				E638B9F12007644D00685670 /* CallEach.html */,
				E638B9F320076D6F00685670 /* CallCameraJS.js */,
			);
			path = testdata;
			sourceTree = "<group>";
		};
		E60461462005F85C00135F7C /* LevelController */ = {
			isa = PBXGroup;
			children = (
				E61AAB5E2008512F00424DCE /* LevelTable */,
				E60461472005F86C00135F7C /* LevelViewController.h */,
				E60461482005F86C00135F7C /* LevelViewController.m */,
				E638B9EC20075BA800685670 /* WebViewModel.h */,
				E638B9ED20075BA800685670 /* WebViewModel.m */,
			);
			path = LevelController;
			sourceTree = "<group>";
		};
		E61AAB5E2008512F00424DCE /* LevelTable */ = {
			isa = PBXGroup;
			children = (
				E61AAB5F2008514700424DCE /* LevelNode.h */,
				E61AAB602008514700424DCE /* LevelNode.m */,
				E61AAB622008522B00424DCE /* LevelTableCreator.h */,
				E61AAB632008522B00424DCE /* LevelTableCreator.m */,
			);
			path = LevelTable;
			sourceTree = "<group>";
		};
		E61AAB652008950000424DCE /* KGMainController */ = {
			isa = PBXGroup;
			children = (
				E61AAB662008958400424DCE /* KGMainNavigationViewController.h */,
				E61AAB672008958400424DCE /* KGMainNavigationViewController.m */,
				E61AAB692008AB3300424DCE /* RootViewController.h */,
				E61AAB6A2008AB3300424DCE /* RootViewController.m */,
			);
			path = KGMainController;
			sourceTree = "<group>";
		};
		E61AAB6C2008BB6700424DCE /* UploadController */ = {
			isa = PBXGroup;
			children = (
				E61AAB6D2008BB8000424DCE /* UploadViewController.h */,
				E61AAB6E2008BB8000424DCE /* UploadViewController.m */,
			);
			path = UploadController;
			sourceTree = "<group>";
		};
		E653F187200629B900AAC54A /* DownloadController */ = {
			isa = PBXGroup;
			children = (
				E653F188200629D200AAC54A /* DownloadManagerViewController.h */,
				E653F189200629D200AAC54A /* DownloadManagerViewController.m */,
			);
			path = DownloadController;
			sourceTree = "<group>";
		};
		E67AB1CE20044FF500AD83C9 = {
			isa = PBXGroup;
			children = (
				E604613F2005EEDB00135F7C /* testdata */,
				E67AB1D920044FF500AD83C9 /* Kindergarten */,
				E67AB1D820044FF500AD83C9 /* Products */,
				9A9F82556832081288856DD6 /* Pods */,
				152381A33AA407891AE0C2D2 /* Frameworks */,
			);
			sourceTree = "<group>";
		};
		E67AB1D820044FF500AD83C9 /* Products */ = {
			isa = PBXGroup;
			children = (
				E67AB1D720044FF500AD83C9 /* Kindergarten.app */,
			);
			name = Products;
			sourceTree = "<group>";
		};
		E67AB1D920044FF500AD83C9 /* Kindergarten */ = {
			isa = PBXGroup;
			children = (
				E618DBC02008D4BF007CD354 /* app */,
				E618DBBE2008D3EF007CD354 /* View */,
				E61AAB6C2008BB6700424DCE /* UploadController */,
				E61AAB652008950000424DCE /* KGMainController */,
				E653F187200629B900AAC54A /* DownloadController */,
				E60461462005F85C00135F7C /* LevelController */,
				E604612D2005A1D600135F7C /* LoginController */,
				E6EF8E302004836800A96B04 /* Utils */,
				E67AB1DA20044FF500AD83C9 /* AppDelegate.h */,
				E67AB1DB20044FF500AD83C9 /* AppDelegate.m */,
				E67AB1E320044FF500AD83C9 /* Assets.xcassets */,
				E67AB1E520044FF500AD83C9 /* LaunchScreen.storyboard */,
				E67AB1E820044FF500AD83C9 /* Info.plist */,
				E67AB1E920044FF500AD83C9 /* main.m */,
				E6EF8E3A2004B4D700A96B04 /* PrefixHeader.pch */,
			);
			path = Kindergarten;
			sourceTree = "<group>";
		};
		E6EF8E302004836800A96B04 /* Utils */ = {
			isa = PBXGroup;
			children = (
				E60461362005B69B00135F7C /* MD5 */,
				E60461352005B2A900135F7C /* ZipUtil */,
				E60461312005AE4F00135F7C /* Network */,
				E6EF8E3B2004B8A800A96B04 /* MBProgressHUD */,
			);
			path = Utils;
			sourceTree = "<group>";
		};
		E6EF8E3B2004B8A800A96B04 /* MBProgressHUD */ = {
			isa = PBXGroup;
			children = (
				E6EF8E3F2004B92E00A96B04 /* MBProgressHUD.bundle */,
				E6EF8E402004B92E00A96B04 /* MBProgressHUD+MJ.h */,
				E6EF8E412004B92E00A96B04 /* MBProgressHUD+MJ.m */,
			);
			path = MBProgressHUD;
			sourceTree = "<group>";
		};
/* End PBXGroup section */

/* Begin PBXNativeTarget section */
		E67AB1D620044FF500AD83C9 /* Kindergarten */ = {
			isa = PBXNativeTarget;
			buildConfigurationList = E67AB1ED20044FF500AD83C9 /* Build configuration list for PBXNativeTarget "Kindergarten" */;
			buildPhases = (
				7426CECE21D8EFDE3E03EE22 /* [CP] Check Pods Manifest.lock */,
				E67AB1D320044FF500AD83C9 /* Sources */,
				E67AB1D420044FF500AD83C9 /* Frameworks */,
				E67AB1D520044FF500AD83C9 /* Resources */,
				064D10206C388A5267A018CB /* [CP] Embed Pods Frameworks */,
				3C9F57476A88A96222927C5C /* [CP] Copy Pods Resources */,
			);
			buildRules = (
			);
			dependencies = (
			);
			name = Kindergarten;
			productName = Kindergarten;
			productReference = E67AB1D720044FF500AD83C9 /* Kindergarten.app */;
			productType = "com.apple.product-type.application";
		};
/* End PBXNativeTarget section */

/* Begin PBXProject section */
		E67AB1CF20044FF500AD83C9 /* Project object */ = {
			isa = PBXProject;
			attributes = {
				LastUpgradeCheck = 0920;
				ORGANIZATIONNAME = "Huayang inc.";
				TargetAttributes = {
					E67AB1D620044FF500AD83C9 = {
						CreatedOnToolsVersion = 9.2;
						ProvisioningStyle = Automatic;
					};
				};
			};
			buildConfigurationList = E67AB1D220044FF500AD83C9 /* Build configuration list for PBXProject "Kindergarten" */;
			compatibilityVersion = "Xcode 8.0";
			developmentRegion = en;
			hasScannedForEncodings = 0;
			knownRegions = (
				en,
				Base,
			);
			mainGroup = E67AB1CE20044FF500AD83C9;
			productRefGroup = E67AB1D820044FF500AD83C9 /* Products */;
			projectDirPath = "";
			projectRoot = "";
			targets = (
				E67AB1D620044FF500AD83C9 /* Kindergarten */,
			);
		};
/* End PBXProject section */

/* Begin PBXResourcesBuildPhase section */
		E67AB1D520044FF500AD83C9 /* Resources */ = {
			isa = PBXResourcesBuildPhase;
			buildActionMask = 2147483647;
			files = (
				E638B9F420076D6F00685670 /* CallCameraJS.js in Resources */,
				E618DBBF2008D3EF007CD354 /* View in Resources */,
				E60461412005EEE800135F7C /* level.xml in Resources */,
				E67AB1E720044FF500AD83C9 /* LaunchScreen.storyboard in Resources */,
				E618DBC12008D4BF007CD354 /* app in Resources */,
				E638B9F22007644D00685670 /* CallEach.html in Resources */,
				E67AB1E420044FF500AD83C9 /* Assets.xcassets in Resources */,
				E6EF8E422004B92E00A96B04 /* MBProgressHUD.bundle in Resources */,
			);
			runOnlyForDeploymentPostprocessing = 0;
		};
/* End PBXResourcesBuildPhase section */

/* Begin PBXShellScriptBuildPhase section */
		064D10206C388A5267A018CB /* [CP] Embed Pods Frameworks */ = {
			isa = PBXShellScriptBuildPhase;
			buildActionMask = 2147483647;
			files = (
			);
			inputPaths = (
			);
			name = "[CP] Embed Pods Frameworks";
			outputPaths = (
			);
			runOnlyForDeploymentPostprocessing = 0;
			shellPath = /bin/sh;
			shellScript = "\"${SRCROOT}/Pods/Target Support Files/Pods-Kindergarten/Pods-Kindergarten-frameworks.sh\"\n";
			showEnvVarsInLog = 0;
		};
		3C9F57476A88A96222927C5C /* [CP] Copy Pods Resources */ = {
			isa = PBXShellScriptBuildPhase;
			buildActionMask = 2147483647;
			files = (
			);
			inputPaths = (
			);
			name = "[CP] Copy Pods Resources";
			outputPaths = (
			);
			runOnlyForDeploymentPostprocessing = 0;
			shellPath = /bin/sh;
			shellScript = "\"${SRCROOT}/Pods/Target Support Files/Pods-Kindergarten/Pods-Kindergarten-resources.sh\"\n";
			showEnvVarsInLog = 0;
		};
		7426CECE21D8EFDE3E03EE22 /* [CP] Check Pods Manifest.lock */ = {
			isa = PBXShellScriptBuildPhase;
			buildActionMask = 2147483647;
			files = (
			);
			inputPaths = (
			);
			name = "[CP] Check Pods Manifest.lock";
			outputPaths = (
			);
			runOnlyForDeploymentPostprocessing = 0;
			shellPath = /bin/sh;
			shellScript = "diff \"${PODS_PODFILE_DIR_PATH}/Podfile.lock\" \"${PODS_ROOT}/Manifest.lock\" > /dev/null\nif [ $? != 0 ] ; then\n    # print error to STDERR\n    echo \"error: The sandbox is not in sync with the Podfile.lock. Run 'pod install' or update your CocoaPods installation.\" >&2\n    exit 1\nfi\n";
			showEnvVarsInLog = 0;
		};
/* End PBXShellScriptBuildPhase section */

/* Begin PBXSourcesBuildPhase section */
		E67AB1D320044FF500AD83C9 /* Sources */ = {
			isa = PBXSourcesBuildPhase;
			buildActionMask = 2147483647;
			files = (
				E61AAB612008514700424DCE /* LevelNode.m in Sources */,
				E6EF8E432004B92E00A96B04 /* MBProgressHUD+MJ.m in Sources */,
				E60461492005F86C00135F7C /* LevelViewController.m in Sources */,
				E618DBC42008E304007CD354 /* LoginWebViewModel.m in Sources */,
				E60461392005B6DC00135F7C /* Encryption.m in Sources */,
				E653F18A200629D200AAC54A /* DownloadManagerViewController.m in Sources */,
				E61AAB6F2008BB8000424DCE /* UploadViewController.m in Sources */,
				E67AB1EA20044FF500AD83C9 /* main.m in Sources */,
				E6EF8E392004ABAC00A96B04 /* HttpRequestModel.m in Sources */,
				E60461342005AE9200135F7C /* HTTPInterface.m in Sources */,
				E638B9EE20075BA800685670 /* WebViewModel.m in Sources */,
				E6EF8E332004861100A96B04 /* ZipUtil.m in Sources */,
				E60461302005A20B00135F7C /* LoginViewController.m in Sources */,
				E61AAB642008522B00424DCE /* LevelTableCreator.m in Sources */,
				E61AAB682008958400424DCE /* KGMainNavigationViewController.m in Sources */,
				E67AB1DC20044FF500AD83C9 /* AppDelegate.m in Sources */,
				E61AAB6B2008AB3300424DCE /* RootViewController.m in Sources */,
			);
			runOnlyForDeploymentPostprocessing = 0;
		};
/* End PBXSourcesBuildPhase section */

/* Begin PBXVariantGroup section */
		E67AB1E520044FF500AD83C9 /* LaunchScreen.storyboard */ = {
			isa = PBXVariantGroup;
			children = (
				E67AB1E620044FF500AD83C9 /* Base */,
			);
			name = LaunchScreen.storyboard;
			sourceTree = "<group>";
		};
/* End PBXVariantGroup section */

/* Begin XCBuildConfiguration section */
		E67AB1EB20044FF500AD83C9 /* Debug */ = {
			isa = XCBuildConfiguration;
			buildSettings = {
				ALWAYS_SEARCH_USER_PATHS = NO;
				CLANG_ANALYZER_NONNULL = YES;
				CLANG_ANALYZER_NUMBER_OBJECT_CONVERSION = YES_AGGRESSIVE;
				CLANG_CXX_LANGUAGE_STANDARD = "gnu++14";
				CLANG_CXX_LIBRARY = "libc++";
				CLANG_ENABLE_MODULES = YES;
				CLANG_ENABLE_OBJC_ARC = YES;
				CLANG_WARN_BLOCK_CAPTURE_AUTORELEASING = YES;
				CLANG_WARN_BOOL_CONVERSION = YES;
				CLANG_WARN_COMMA = YES;
				CLANG_WARN_CONSTANT_CONVERSION = YES;
				CLANG_WARN_DIRECT_OBJC_ISA_USAGE = YES_ERROR;
				CLANG_WARN_DOCUMENTATION_COMMENTS = YES;
				CLANG_WARN_EMPTY_BODY = YES;
				CLANG_WARN_ENUM_CONVERSION = YES;
				CLANG_WARN_INFINITE_RECURSION = YES;
				CLANG_WARN_INT_CONVERSION = YES;
				CLANG_WARN_NON_LITERAL_NULL_CONVERSION = YES;
				CLANG_WARN_OBJC_LITERAL_CONVERSION = YES;
				CLANG_WARN_OBJC_ROOT_CLASS = YES_ERROR;
				CLANG_WARN_RANGE_LOOP_ANALYSIS = YES;
				CLANG_WARN_STRICT_PROTOTYPES = YES;
				CLANG_WARN_SUSPICIOUS_MOVE = YES;
				CLANG_WARN_UNGUARDED_AVAILABILITY = YES_AGGRESSIVE;
				CLANG_WARN_UNREACHABLE_CODE = YES;
				CLANG_WARN__DUPLICATE_METHOD_MATCH = YES;
				CODE_SIGN_IDENTITY = "iPhone Developer";
				COPY_PHASE_STRIP = NO;
				DEBUG_INFORMATION_FORMAT = dwarf;
				ENABLE_STRICT_OBJC_MSGSEND = YES;
				ENABLE_TESTABILITY = YES;
				GCC_C_LANGUAGE_STANDARD = gnu11;
				GCC_DYNAMIC_NO_PIC = NO;
				GCC_NO_COMMON_BLOCKS = YES;
				GCC_OPTIMIZATION_LEVEL = 0;
				GCC_PREPROCESSOR_DEFINITIONS = (
					"DEBUG=1",
					"$(inherited)",
				);
				GCC_WARN_64_TO_32_BIT_CONVERSION = YES;
				GCC_WARN_ABOUT_RETURN_TYPE = YES_ERROR;
				GCC_WARN_UNDECLARED_SELECTOR = YES;
				GCC_WARN_UNINITIALIZED_AUTOS = YES_AGGRESSIVE;
				GCC_WARN_UNUSED_FUNCTION = YES;
				GCC_WARN_UNUSED_VARIABLE = YES;
				IPHONEOS_DEPLOYMENT_TARGET = 9.0;
				MTL_ENABLE_DEBUG_INFO = YES;
				ONLY_ACTIVE_ARCH = YES;
				SDKROOT = iphoneos;
				TARGETED_DEVICE_FAMILY = "1,2";
			};
			name = Debug;
		};
		E67AB1EC20044FF500AD83C9 /* Release */ = {
			isa = XCBuildConfiguration;
			buildSettings = {
				ALWAYS_SEARCH_USER_PATHS = NO;
				CLANG_ANALYZER_NONNULL = YES;
				CLANG_ANALYZER_NUMBER_OBJECT_CONVERSION = YES_AGGRESSIVE;
				CLANG_CXX_LANGUAGE_STANDARD = "gnu++14";
				CLANG_CXX_LIBRARY = "libc++";
				CLANG_ENABLE_MODULES = YES;
				CLANG_ENABLE_OBJC_ARC = YES;
				CLANG_WARN_BLOCK_CAPTURE_AUTORELEASING = YES;
				CLANG_WARN_BOOL_CONVERSION = YES;
				CLANG_WARN_COMMA = YES;
				CLANG_WARN_CONSTANT_CONVERSION = YES;
				CLANG_WARN_DIRECT_OBJC_ISA_USAGE = YES_ERROR;
				CLANG_WARN_DOCUMENTATION_COMMENTS = YES;
				CLANG_WARN_EMPTY_BODY = YES;
				CLANG_WARN_ENUM_CONVERSION = YES;
				CLANG_WARN_INFINITE_RECURSION = YES;
				CLANG_WARN_INT_CONVERSION = YES;
				CLANG_WARN_NON_LITERAL_NULL_CONVERSION = YES;
				CLANG_WARN_OBJC_LITERAL_CONVERSION = YES;
				CLANG_WARN_OBJC_ROOT_CLASS = YES_ERROR;
				CLANG_WARN_RANGE_LOOP_ANALYSIS = YES;
				CLANG_WARN_STRICT_PROTOTYPES = YES;
				CLANG_WARN_SUSPICIOUS_MOVE = YES;
				CLANG_WARN_UNGUARDED_AVAILABILITY = YES_AGGRESSIVE;
				CLANG_WARN_UNREACHABLE_CODE = YES;
				CLANG_WARN__DUPLICATE_METHOD_MATCH = YES;
				CODE_SIGN_IDENTITY = "iPhone Developer";
				COPY_PHASE_STRIP = NO;
				DEBUG_INFORMATION_FORMAT = "dwarf-with-dsym";
				ENABLE_NS_ASSERTIONS = NO;
				ENABLE_STRICT_OBJC_MSGSEND = YES;
				GCC_C_LANGUAGE_STANDARD = gnu11;
				GCC_NO_COMMON_BLOCKS = YES;
				GCC_WARN_64_TO_32_BIT_CONVERSION = YES;
				GCC_WARN_ABOUT_RETURN_TYPE = YES_ERROR;
				GCC_WARN_UNDECLARED_SELECTOR = YES;
				GCC_WARN_UNINITIALIZED_AUTOS = YES_AGGRESSIVE;
				GCC_WARN_UNUSED_FUNCTION = YES;
				GCC_WARN_UNUSED_VARIABLE = YES;
				IPHONEOS_DEPLOYMENT_TARGET = 9.0;
				MTL_ENABLE_DEBUG_INFO = NO;
				SDKROOT = iphoneos;
				TARGETED_DEVICE_FAMILY = "1,2";
				VALIDATE_PRODUCT = YES;
			};
			name = Release;
		};
		E67AB1EE20044FF500AD83C9 /* Debug */ = {
			isa = XCBuildConfiguration;
			baseConfigurationReference = 72B437DF44B03AFF65C17060 /* Pods-Kindergarten.debug.xcconfig */;
			buildSettings = {
				ASSETCATALOG_COMPILER_APPICON_NAME = AppIcon;
				CODE_SIGN_STYLE = Automatic;
				DEVELOPMENT_TEAM = 495W836UVX;
				GCC_PRECOMPILE_PREFIX_HEADER = YES;
				GCC_PREFIX_HEADER = "$(SRCROOT)/Kindergarten/PrefixHeader.pch";
				INFOPLIST_FILE = Kindergarten/Info.plist;
				LD_RUNPATH_SEARCH_PATHS = "$(inherited) @executable_path/Frameworks";
				PRODUCT_BUNDLE_IDENTIFIER = com.huayanginfo.Kindergarten;
				PRODUCT_NAME = "$(TARGET_NAME)";
				TARGETED_DEVICE_FAMILY = "1,2";
			};
			name = Debug;
		};
		E67AB1EF20044FF500AD83C9 /* Release */ = {
			isa = XCBuildConfiguration;
			baseConfigurationReference = BDFB3632EC523E0959FFBCB1 /* Pods-Kindergarten.release.xcconfig */;
			buildSettings = {
				ASSETCATALOG_COMPILER_APPICON_NAME = AppIcon;
				CODE_SIGN_STYLE = Automatic;
				DEVELOPMENT_TEAM = 495W836UVX;
				GCC_PRECOMPILE_PREFIX_HEADER = YES;
				GCC_PREFIX_HEADER = "$(SRCROOT)/Kindergarten/PrefixHeader.pch";
				INFOPLIST_FILE = Kindergarten/Info.plist;
				LD_RUNPATH_SEARCH_PATHS = "$(inherited) @executable_path/Frameworks";
				PRODUCT_BUNDLE_IDENTIFIER = com.huayanginfo.Kindergarten;
				PRODUCT_NAME = "$(TARGET_NAME)";
				TARGETED_DEVICE_FAMILY = "1,2";
			};
			name = Release;
		};
/* End XCBuildConfiguration section */

/* Begin XCConfigurationList section */
		E67AB1D220044FF500AD83C9 /* Build configuration list for PBXProject "Kindergarten" */ = {
			isa = XCConfigurationList;
			buildConfigurations = (
				E67AB1EB20044FF500AD83C9 /* Debug */,
				E67AB1EC20044FF500AD83C9 /* Release */,
			);
			defaultConfigurationIsVisible = 0;
			defaultConfigurationName = Release;
		};
		E67AB1ED20044FF500AD83C9 /* Build configuration list for PBXNativeTarget "Kindergarten" */ = {
			isa = XCConfigurationList;
			buildConfigurations = (
				E67AB1EE20044FF500AD83C9 /* Debug */,
				E67AB1EF20044FF500AD83C9 /* Release */,
			);
			defaultConfigurationIsVisible = 0;
			defaultConfigurationName = Release;
		};
/* End XCConfigurationList section */
	};
	rootObject = E67AB1CF20044FF500AD83C9 /* Project object */;
}
